PODS:
  - AmplifyRTNCore (1.1.1):
    - React-Core
  - BEMCheckBox (1.4.1)
  - boost (1.83.0)
  - DoubleConversion (1.1.6)
  - FBLazyVector (0.73.11)
  - FBReactNativeSpec (0.73.11):
    - RCT-Folly (= 2022.05.16.00)
    - RCTRequired (= 0.73.11)
    - RCTTypeSafety (= 0.73.11)
    - React-Core (= 0.73.11)
    - React-jsi (= 0.73.11)
    - ReactCommon/turbomodule/core (= 0.73.11)
  - fmt (6.2.1)
  - glog (0.3.5)
  - hermes-engine (0.73.11):
    - hermes-engine/Pre-built (= 0.73.11)
  - hermes-engine/Pre-built (0.73.11)
  - libevent (2.1.12)
  - RCT-Folly (2022.05.16.00):
    - boost
    - DoubleConversion
    - fmt (~> 6.2.1)
    - glog
    - RCT-Folly/Default (= 2022.05.16.00)
  - RCT-Folly/Default (2022.05.16.00):
    - boost
    - DoubleConversion
    - fmt (~> 6.2.1)
    - glog
  - RCT-Folly/Fabric (2022.05.16.00):
    - boost
    - DoubleConversion
    - fmt (~> 6.2.1)
    - glog
  - RCT-Folly/Futures (2022.05.16.00):
    - boost
    - DoubleConversion
    - fmt (~> 6.2.1)
    - glog
    - libevent
  - RCTRequired (0.73.11)
  - RCTTypeSafety (0.73.11):
    - FBLazyVector (= 0.73.11)
    - RCTRequired (= 0.73.11)
    - React-Core (= 0.73.11)
  - React (0.73.11):
    - React-Core (= 0.73.11)
    - React-Core/DevSupport (= 0.73.11)
    - React-Core/RCTWebSocket (= 0.73.11)
    - React-RCTActionSheet (= 0.73.11)
    - React-RCTAnimation (= 0.73.11)
    - React-RCTBlob (= 0.73.11)
    - React-RCTImage (= 0.73.11)
    - React-RCTLinking (= 0.73.11)
    - React-RCTNetwork (= 0.73.11)
    - React-RCTSettings (= 0.73.11)
    - React-RCTText (= 0.73.11)
    - React-RCTVibration (= 0.73.11)
  - React-callinvoker (0.73.11)
  - React-Codegen (0.73.11):
    - DoubleConversion
    - FBReactNativeSpec
    - glog
    - hermes-engine
    - RCT-Folly
    - RCTRequired
    - RCTTypeSafety
    - React-Core
    - React-jsi
    - React-jsiexecutor
    - React-NativeModulesApple
    - React-rncore
    - ReactCommon/turbomodule/bridging
    - ReactCommon/turbomodule/core
  - React-Core (0.73.11):
    - glog
    - hermes-engine
    - RCT-Folly (= 2022.05.16.00)
    - React-Core/Default (= 0.73.11)
    - React-cxxreact
    - React-hermes
    - React-jsi
    - React-jsiexecutor
    - React-perflogger
    - React-runtimescheduler
    - React-utils
    - SocketRocket (= 0.6.1)
    - Yoga
  - React-Core/CoreModulesHeaders (0.73.11):
    - glog
    - hermes-engine
    - RCT-Folly (= 2022.05.16.00)
    - React-Core/Default
    - React-cxxreact
    - React-hermes
    - React-jsi
    - React-jsiexecutor
    - React-perflogger
    - React-runtimescheduler
    - React-utils
    - SocketRocket (= 0.6.1)
    - Yoga
  - React-Core/Default (0.73.11):
    - glog
    - hermes-engine
    - RCT-Folly (= 2022.05.16.00)
    - React-cxxreact
    - React-hermes
    - React-jsi
    - React-jsiexecutor
    - React-perflogger
    - React-runtimescheduler
    - React-utils
    - SocketRocket (= 0.6.1)
    - Yoga
  - React-Core/DevSupport (0.73.11):
    - glog
    - hermes-engine
    - RCT-Folly (= 2022.05.16.00)
    - React-Core/Default (= 0.73.11)
    - React-Core/RCTWebSocket (= 0.73.11)
    - React-cxxreact
    - React-hermes
    - React-jsi
    - React-jsiexecutor
    - React-jsinspector (= 0.73.11)
    - React-perflogger
    - React-runtimescheduler
    - React-utils
    - SocketRocket (= 0.6.1)
    - Yoga
  - React-Core/RCTActionSheetHeaders (0.73.11):
    - glog
    - hermes-engine
    - RCT-Folly (= 2022.05.16.00)
    - React-Core/Default
    - React-cxxreact
    - React-hermes
    - React-jsi
    - React-jsiexecutor
    - React-perflogger
    - React-runtimescheduler
    - React-utils
    - SocketRocket (= 0.6.1)
    - Yoga
  - React-Core/RCTAnimationHeaders (0.73.11):
    - glog
    - hermes-engine
    - RCT-Folly (= 2022.05.16.00)
    - React-Core/Default
    - React-cxxreact
    - React-hermes
    - React-jsi
    - React-jsiexecutor
    - React-perflogger
    - React-runtimescheduler
    - React-utils
    - SocketRocket (= 0.6.1)
    - Yoga
  - React-Core/RCTBlobHeaders (0.73.11):
    - glog
    - hermes-engine
    - RCT-Folly (= 2022.05.16.00)
    - React-Core/Default
    - React-cxxreact
    - React-hermes
    - React-jsi
    - React-jsiexecutor
    - React-perflogger
    - React-runtimescheduler
    - React-utils
    - SocketRocket (= 0.6.1)
    - Yoga
  - React-Core/RCTImageHeaders (0.73.11):
    - glog
    - hermes-engine
    - RCT-Folly (= 2022.05.16.00)
    - React-Core/Default
    - React-cxxreact
    - React-hermes
    - React-jsi
    - React-jsiexecutor
    - React-perflogger
    - React-runtimescheduler
    - React-utils
    - SocketRocket (= 0.6.1)
    - Yoga
  - React-Core/RCTLinkingHeaders (0.73.11):
    - glog
    - hermes-engine
    - RCT-Folly (= 2022.05.16.00)
    - React-Core/Default
    - React-cxxreact
    - React-hermes
    - React-jsi
    - React-jsiexecutor
    - React-perflogger
    - React-runtimescheduler
    - React-utils
    - SocketRocket (= 0.6.1)
    - Yoga
  - React-Core/RCTNetworkHeaders (0.73.11):
    - glog
    - hermes-engine
    - RCT-Folly (= 2022.05.16.00)
    - React-Core/Default
    - React-cxxreact
    - React-hermes
    - React-jsi
    - React-jsiexecutor
    - React-perflogger
    - React-runtimescheduler
    - React-utils
    - SocketRocket (= 0.6.1)
    - Yoga
  - React-Core/RCTSettingsHeaders (0.73.11):
    - glog
    - hermes-engine
    - RCT-Folly (= 2022.05.16.00)
    - React-Core/Default
    - React-cxxreact
    - React-hermes
    - React-jsi
    - React-jsiexecutor
    - React-perflogger
    - React-runtimescheduler
    - React-utils
    - SocketRocket (= 0.6.1)
    - Yoga
  - React-Core/RCTTextHeaders (0.73.11):
    - glog
    - hermes-engine
    - RCT-Folly (= 2022.05.16.00)
    - React-Core/Default
    - React-cxxreact
    - React-hermes
    - React-jsi
    - React-jsiexecutor
    - React-perflogger
    - React-runtimescheduler
    - React-utils
    - SocketRocket (= 0.6.1)
    - Yoga
  - React-Core/RCTVibrationHeaders (0.73.11):
    - glog
    - hermes-engine
    - RCT-Folly (= 2022.05.16.00)
    - React-Core/Default
    - React-cxxreact
    - React-hermes
    - React-jsi
    - React-jsiexecutor
    - React-perflogger
    - React-runtimescheduler
    - React-utils
    - SocketRocket (= 0.6.1)
    - Yoga
  - React-Core/RCTWebSocket (0.73.11):
    - glog
    - hermes-engine
    - RCT-Folly (= 2022.05.16.00)
    - React-Core/Default (= 0.73.11)
    - React-cxxreact
    - React-hermes
    - React-jsi
    - React-jsiexecutor
    - React-perflogger
    - React-runtimescheduler
    - React-utils
    - SocketRocket (= 0.6.1)
    - Yoga
  - React-CoreModules (0.73.11):
    - RCT-Folly (= 2022.05.16.00)
    - RCTTypeSafety (= 0.73.11)
    - React-Codegen
    - React-Core/CoreModulesHeaders (= 0.73.11)
    - React-jsi (= 0.73.11)
    - React-NativeModulesApple
    - React-RCTBlob
    - React-RCTImage (= 0.73.11)
    - ReactCommon
    - SocketRocket (= 0.6.1)
  - React-cxxreact (0.73.11):
    - boost (= 1.83.0)
    - DoubleConversion
    - fmt (~> 6.2.1)
    - glog
    - hermes-engine
    - RCT-Folly (= 2022.05.16.00)
    - React-callinvoker (= 0.73.11)
    - React-debug (= 0.73.11)
    - React-jsi (= 0.73.11)
    - React-jsinspector (= 0.73.11)
    - React-logger (= 0.73.11)
    - React-perflogger (= 0.73.11)
    - React-runtimeexecutor (= 0.73.11)
  - React-debug (0.73.11)
  - React-Fabric (0.73.11):
    - DoubleConversion
    - fmt (~> 6.2.1)
    - glog
    - hermes-engine
    - RCT-Folly/Fabric (= 2022.05.16.00)
    - RCTRequired
    - RCTTypeSafety
    - React-Core
    - React-cxxreact
    - React-debug
    - React-Fabric/animations (= 0.73.11)
    - React-Fabric/attributedstring (= 0.73.11)
    - React-Fabric/componentregistry (= 0.73.11)
    - React-Fabric/componentregistrynative (= 0.73.11)
    - React-Fabric/components (= 0.73.11)
    - React-Fabric/core (= 0.73.11)
    - React-Fabric/imagemanager (= 0.73.11)
    - React-Fabric/leakchecker (= 0.73.11)
    - React-Fabric/mounting (= 0.73.11)
    - React-Fabric/scheduler (= 0.73.11)
    - React-Fabric/telemetry (= 0.73.11)
    - React-Fabric/templateprocessor (= 0.73.11)
    - React-Fabric/textlayoutmanager (= 0.73.11)
    - React-Fabric/uimanager (= 0.73.11)
    - React-graphics
    - React-jsi
    - React-jsiexecutor
    - React-logger
    - React-rendererdebug
    - React-runtimescheduler
    - React-utils
    - ReactCommon/turbomodule/core
  - React-Fabric/animations (0.73.11):
    - DoubleConversion
    - fmt (~> 6.2.1)
    - glog
    - hermes-engine
    - RCT-Folly/Fabric (= 2022.05.16.00)
    - RCTRequired
    - RCTTypeSafety
    - React-Core
    - React-cxxreact
    - React-debug
    - React-graphics
    - React-jsi
    - React-jsiexecutor
    - React-logger
    - React-rendererdebug
    - React-runtimescheduler
    - React-utils
    - ReactCommon/turbomodule/core
  - React-Fabric/attributedstring (0.73.11):
    - DoubleConversion
    - fmt (~> 6.2.1)
    - glog
    - hermes-engine
    - RCT-Folly/Fabric (= 2022.05.16.00)
    - RCTRequired
    - RCTTypeSafety
    - React-Core
    - React-cxxreact
    - React-debug
    - React-graphics
    - React-jsi
    - React-jsiexecutor
    - React-logger
    - React-rendererdebug
    - React-runtimescheduler
    - React-utils
    - ReactCommon/turbomodule/core
  - React-Fabric/componentregistry (0.73.11):
    - DoubleConversion
    - fmt (~> 6.2.1)
    - glog
    - hermes-engine
    - RCT-Folly/Fabric (= 2022.05.16.00)
    - RCTRequired
    - RCTTypeSafety
    - React-Core
    - React-cxxreact
    - React-debug
    - React-graphics
    - React-jsi
    - React-jsiexecutor
    - React-logger
    - React-rendererdebug
    - React-runtimescheduler
    - React-utils
    - ReactCommon/turbomodule/core
  - React-Fabric/componentregistrynative (0.73.11):
    - DoubleConversion
    - fmt (~> 6.2.1)
    - glog
    - hermes-engine
    - RCT-Folly/Fabric (= 2022.05.16.00)
    - RCTRequired
    - RCTTypeSafety
    - React-Core
    - React-cxxreact
    - React-debug
    - React-graphics
    - React-jsi
    - React-jsiexecutor
    - React-logger
    - React-rendererdebug
    - React-runtimescheduler
    - React-utils
    - ReactCommon/turbomodule/core
  - React-Fabric/components (0.73.11):
    - DoubleConversion
    - fmt (~> 6.2.1)
    - glog
    - hermes-engine
    - RCT-Folly/Fabric (= 2022.05.16.00)
    - RCTRequired
    - RCTTypeSafety
    - React-Core
    - React-cxxreact
    - React-debug
    - React-Fabric/components/inputaccessory (= 0.73.11)
    - React-Fabric/components/legacyviewmanagerinterop (= 0.73.11)
    - React-Fabric/components/modal (= 0.73.11)
    - React-Fabric/components/rncore (= 0.73.11)
    - React-Fabric/components/root (= 0.73.11)
    - React-Fabric/components/safeareaview (= 0.73.11)
    - React-Fabric/components/scrollview (= 0.73.11)
    - React-Fabric/components/text (= 0.73.11)
    - React-Fabric/components/textinput (= 0.73.11)
    - React-Fabric/components/unimplementedview (= 0.73.11)
    - React-Fabric/components/view (= 0.73.11)
    - React-graphics
    - React-jsi
    - React-jsiexecutor
    - React-logger
    - React-rendererdebug
    - React-runtimescheduler
    - React-utils
    - ReactCommon/turbomodule/core
  - React-Fabric/components/inputaccessory (0.73.11):
    - DoubleConversion
    - fmt (~> 6.2.1)
    - glog
    - hermes-engine
    - RCT-Folly/Fabric (= 2022.05.16.00)
    - RCTRequired
    - RCTTypeSafety
    - React-Core
    - React-cxxreact
    - React-debug
    - React-graphics
    - React-jsi
    - React-jsiexecutor
    - React-logger
    - React-rendererdebug
    - React-runtimescheduler
    - React-utils
    - ReactCommon/turbomodule/core
  - React-Fabric/components/legacyviewmanagerinterop (0.73.11):
    - DoubleConversion
    - fmt (~> 6.2.1)
    - glog
    - hermes-engine
    - RCT-Folly/Fabric (= 2022.05.16.00)
    - RCTRequired
    - RCTTypeSafety
    - React-Core
    - React-cxxreact
    - React-debug
    - React-graphics
    - React-jsi
    - React-jsiexecutor
    - React-logger
    - React-rendererdebug
    - React-runtimescheduler
    - React-utils
    - ReactCommon/turbomodule/core
  - React-Fabric/components/modal (0.73.11):
    - DoubleConversion
    - fmt (~> 6.2.1)
    - glog
    - hermes-engine
    - RCT-Folly/Fabric (= 2022.05.16.00)
    - RCTRequired
    - RCTTypeSafety
    - React-Core
    - React-cxxreact
    - React-debug
    - React-graphics
    - React-jsi
    - React-jsiexecutor
    - React-logger
    - React-rendererdebug
    - React-runtimescheduler
    - React-utils
    - ReactCommon/turbomodule/core
  - React-Fabric/components/rncore (0.73.11):
    - DoubleConversion
    - fmt (~> 6.2.1)
    - glog
    - hermes-engine
    - RCT-Folly/Fabric (= 2022.05.16.00)
    - RCTRequired
    - RCTTypeSafety
    - React-Core
    - React-cxxreact
    - React-debug
    - React-graphics
    - React-jsi
    - React-jsiexecutor
    - React-logger
    - React-rendererdebug
    - React-runtimescheduler
    - React-utils
    - ReactCommon/turbomodule/core
  - React-Fabric/components/root (0.73.11):
    - DoubleConversion
    - fmt (~> 6.2.1)
    - glog
    - hermes-engine
    - RCT-Folly/Fabric (= 2022.05.16.00)
    - RCTRequired
    - RCTTypeSafety
    - React-Core
    - React-cxxreact
    - React-debug
    - React-graphics
    - React-jsi
    - React-jsiexecutor
    - React-logger
    - React-rendererdebug
    - React-runtimescheduler
    - React-utils
    - ReactCommon/turbomodule/core
  - React-Fabric/components/safeareaview (0.73.11):
    - DoubleConversion
    - fmt (~> 6.2.1)
    - glog
    - hermes-engine
    - RCT-Folly/Fabric (= 2022.05.16.00)
    - RCTRequired
    - RCTTypeSafety
    - React-Core
    - React-cxxreact
    - React-debug
    - React-graphics
    - React-jsi
    - React-jsiexecutor
    - React-logger
    - React-rendererdebug
    - React-runtimescheduler
    - React-utils
    - ReactCommon/turbomodule/core
  - React-Fabric/components/scrollview (0.73.11):
    - DoubleConversion
    - fmt (~> 6.2.1)
    - glog
    - hermes-engine
    - RCT-Folly/Fabric (= 2022.05.16.00)
    - RCTRequired
    - RCTTypeSafety
    - React-Core
    - React-cxxreact
    - React-debug
    - React-graphics
    - React-jsi
    - React-jsiexecutor
    - React-logger
    - React-rendererdebug
    - React-runtimescheduler
    - React-utils
    - ReactCommon/turbomodule/core
  - React-Fabric/components/text (0.73.11):
    - DoubleConversion
    - fmt (~> 6.2.1)
    - glog
    - hermes-engine
    - RCT-Folly/Fabric (= 2022.05.16.00)
    - RCTRequired
    - RCTTypeSafety
    - React-Core
    - React-cxxreact
    - React-debug
    - React-graphics
    - React-jsi
    - React-jsiexecutor
    - React-logger
    - React-rendererdebug
    - React-runtimescheduler
    - React-utils
    - ReactCommon/turbomodule/core
  - React-Fabric/components/textinput (0.73.11):
    - DoubleConversion
    - fmt (~> 6.2.1)
    - glog
    - hermes-engine
    - RCT-Folly/Fabric (= 2022.05.16.00)
    - RCTRequired
    - RCTTypeSafety
    - React-Core
    - React-cxxreact
    - React-debug
    - React-graphics
    - React-jsi
    - React-jsiexecutor
    - React-logger
    - React-rendererdebug
    - React-runtimescheduler
    - React-utils
    - ReactCommon/turbomodule/core
  - React-Fabric/components/unimplementedview (0.73.11):
    - DoubleConversion
    - fmt (~> 6.2.1)
    - glog
    - hermes-engine
    - RCT-Folly/Fabric (= 2022.05.16.00)
    - RCTRequired
    - RCTTypeSafety
    - React-Core
    - React-cxxreact
    - React-debug
    - React-graphics
    - React-jsi
    - React-jsiexecutor
    - React-logger
    - React-rendererdebug
    - React-runtimescheduler
    - React-utils
    - ReactCommon/turbomodule/core
  - React-Fabric/components/view (0.73.11):
    - DoubleConversion
    - fmt (~> 6.2.1)
    - glog
    - hermes-engine
    - RCT-Folly/Fabric (= 2022.05.16.00)
    - RCTRequired
    - RCTTypeSafety
    - React-Core
    - React-cxxreact
    - React-debug
    - React-graphics
    - React-jsi
    - React-jsiexecutor
    - React-logger
    - React-rendererdebug
    - React-runtimescheduler
    - React-utils
    - ReactCommon/turbomodule/core
    - Yoga
  - React-Fabric/core (0.73.11):
    - DoubleConversion
    - fmt (~> 6.2.1)
    - glog
    - hermes-engine
    - RCT-Folly/Fabric (= 2022.05.16.00)
    - RCTRequired
    - RCTTypeSafety
    - React-Core
    - React-cxxreact
    - React-debug
    - React-graphics
    - React-jsi
    - React-jsiexecutor
    - React-logger
    - React-rendererdebug
    - React-runtimescheduler
    - React-utils
    - ReactCommon/turbomodule/core
  - React-Fabric/imagemanager (0.73.11):
    - DoubleConversion
    - fmt (~> 6.2.1)
    - glog
    - hermes-engine
    - RCT-Folly/Fabric (= 2022.05.16.00)
    - RCTRequired
    - RCTTypeSafety
    - React-Core
    - React-cxxreact
    - React-debug
    - React-graphics
    - React-jsi
    - React-jsiexecutor
    - React-logger
    - React-rendererdebug
    - React-runtimescheduler
    - React-utils
    - ReactCommon/turbomodule/core
  - React-Fabric/leakchecker (0.73.11):
    - DoubleConversion
    - fmt (~> 6.2.1)
    - glog
    - hermes-engine
    - RCT-Folly/Fabric (= 2022.05.16.00)
    - RCTRequired
    - RCTTypeSafety
    - React-Core
    - React-cxxreact
    - React-debug
    - React-graphics
    - React-jsi
    - React-jsiexecutor
    - React-logger
    - React-rendererdebug
    - React-runtimescheduler
    - React-utils
    - ReactCommon/turbomodule/core
  - React-Fabric/mounting (0.73.11):
    - DoubleConversion
    - fmt (~> 6.2.1)
    - glog
    - hermes-engine
    - RCT-Folly/Fabric (= 2022.05.16.00)
    - RCTRequired
    - RCTTypeSafety
    - React-Core
    - React-cxxreact
    - React-debug
    - React-graphics
    - React-jsi
    - React-jsiexecutor
    - React-logger
    - React-rendererdebug
    - React-runtimescheduler
    - React-utils
    - ReactCommon/turbomodule/core
  - React-Fabric/scheduler (0.73.11):
    - DoubleConversion
    - fmt (~> 6.2.1)
    - glog
    - hermes-engine
    - RCT-Folly/Fabric (= 2022.05.16.00)
    - RCTRequired
    - RCTTypeSafety
    - React-Core
    - React-cxxreact
    - React-debug
    - React-graphics
    - React-jsi
    - React-jsiexecutor
    - React-logger
    - React-rendererdebug
    - React-runtimescheduler
    - React-utils
    - ReactCommon/turbomodule/core
  - React-Fabric/telemetry (0.73.11):
    - DoubleConversion
    - fmt (~> 6.2.1)
    - glog
    - hermes-engine
    - RCT-Folly/Fabric (= 2022.05.16.00)
    - RCTRequired
    - RCTTypeSafety
    - React-Core
    - React-cxxreact
    - React-debug
    - React-graphics
    - React-jsi
    - React-jsiexecutor
    - React-logger
    - React-rendererdebug
    - React-runtimescheduler
    - React-utils
    - ReactCommon/turbomodule/core
  - React-Fabric/templateprocessor (0.73.11):
    - DoubleConversion
    - fmt (~> 6.2.1)
    - glog
    - hermes-engine
    - RCT-Folly/Fabric (= 2022.05.16.00)
    - RCTRequired
    - RCTTypeSafety
    - React-Core
    - React-cxxreact
    - React-debug
    - React-graphics
    - React-jsi
    - React-jsiexecutor
    - React-logger
    - React-rendererdebug
    - React-runtimescheduler
    - React-utils
    - ReactCommon/turbomodule/core
  - React-Fabric/textlayoutmanager (0.73.11):
    - DoubleConversion
    - fmt (~> 6.2.1)
    - glog
    - hermes-engine
    - RCT-Folly/Fabric (= 2022.05.16.00)
    - RCTRequired
    - RCTTypeSafety
    - React-Core
    - React-cxxreact
    - React-debug
    - React-Fabric/uimanager
    - React-graphics
    - React-jsi
    - React-jsiexecutor
    - React-logger
    - React-rendererdebug
    - React-runtimescheduler
    - React-utils
    - ReactCommon/turbomodule/core
  - React-Fabric/uimanager (0.73.11):
    - DoubleConversion
    - fmt (~> 6.2.1)
    - glog
    - hermes-engine
    - RCT-Folly/Fabric (= 2022.05.16.00)
    - RCTRequired
    - RCTTypeSafety
    - React-Core
    - React-cxxreact
    - React-debug
    - React-graphics
    - React-jsi
    - React-jsiexecutor
    - React-logger
    - React-rendererdebug
    - React-runtimescheduler
    - React-utils
    - ReactCommon/turbomodule/core
  - React-FabricImage (0.73.11):
    - DoubleConversion
    - fmt (~> 6.2.1)
    - glog
    - hermes-engine
    - RCT-Folly/Fabric (= 2022.05.16.00)
    - RCTRequired (= 0.73.11)
    - RCTTypeSafety (= 0.73.11)
    - React-Fabric
    - React-graphics
    - React-ImageManager
    - React-jsi
    - React-jsiexecutor (= 0.73.11)
    - React-logger
    - React-rendererdebug
    - React-utils
    - ReactCommon
    - Yoga
  - React-graphics (0.73.11):
    - glog
    - RCT-Folly/Fabric (= 2022.05.16.00)
    - React-Core/Default (= 0.73.11)
    - React-utils
  - React-hermes (0.73.11):
    - DoubleConversion
    - fmt (~> 6.2.1)
    - glog
    - hermes-engine
    - RCT-Folly (= 2022.05.16.00)
    - RCT-Folly/Futures (= 2022.05.16.00)
    - React-cxxreact (= 0.73.11)
    - React-jsi
    - React-jsiexecutor (= 0.73.11)
    - React-jsinspector (= 0.73.11)
    - React-perflogger (= 0.73.11)
  - React-ImageManager (0.73.11):
    - glog
    - RCT-Folly/Fabric
    - React-Core/Default
    - React-debug
    - React-Fabric
    - React-graphics
    - React-rendererdebug
    - React-utils
  - React-jserrorhandler (0.73.11):
    - RCT-Folly/Fabric (= 2022.05.16.00)
    - React-debug
    - React-jsi
    - React-Mapbuffer
  - React-jsi (0.73.11):
    - boost (= 1.83.0)
    - DoubleConversion
    - fmt (~> 6.2.1)
    - glog
    - hermes-engine
    - RCT-Folly (= 2022.05.16.00)
  - React-jsiexecutor (0.73.11):
    - DoubleConversion
    - fmt (~> 6.2.1)
    - glog
    - hermes-engine
    - RCT-Folly (= 2022.05.16.00)
    - React-cxxreact (= 0.73.11)
    - React-jsi (= 0.73.11)
    - React-perflogger (= 0.73.11)
  - React-jsinspector (0.73.11)
  - React-logger (0.73.11):
    - glog
  - React-Mapbuffer (0.73.11):
    - glog
    - React-debug
  - react-native-blur (4.4.0):
    - glog
    - RCT-Folly (= 2022.05.16.00)
    - React-Core
  - react-native-camera (4.2.1):
    - React-Core
    - react-native-camera/RCT (= 4.2.1)
    - react-native-camera/RN (= 4.2.1)
  - react-native-camera/RCT (4.2.1):
    - React-Core
  - react-native-camera/RN (4.2.1):
    - React-Core
  - react-native-document-picker (9.3.1):
    - glog
    - RCT-Folly (= 2022.05.16.00)
    - React-Core
  - react-native-get-random-values (1.11.0):
    - React-Core
  - react-native-maps (1.13.2):
    - React-Core
  - react-native-netinfo (11.3.2):
    - React-Core
  - react-native-safe-area-context (4.10.1):
    - React-Core
  - react-native-voice (3.1.5):
    - React-Core
  - React-nativeconfig (0.73.11)
  - React-NativeModulesApple (0.73.11):
    - glog
    - hermes-engine
    - React-callinvoker
    - React-Core
    - React-cxxreact
    - React-jsi
    - React-runtimeexecutor
    - ReactCommon/turbomodule/bridging
    - ReactCommon/turbomodule/core
  - React-perflogger (0.73.11)
  - React-RCTActionSheet (0.73.11):
    - React-Core/RCTActionSheetHeaders (= 0.73.11)
  - React-RCTAnimation (0.73.11):
    - RCT-Folly (= 2022.05.16.00)
    - RCTTypeSafety
    - React-Codegen
    - React-Core/RCTAnimationHeaders
    - React-jsi
    - React-NativeModulesApple
    - ReactCommon
  - React-RCTAppDelegate (0.73.11):
    - RCT-Folly
    - RCTRequired
    - RCTTypeSafety
    - React-Core
    - React-CoreModules
    - React-hermes
    - React-nativeconfig
    - React-NativeModulesApple
    - React-RCTFabric
    - React-RCTImage
    - React-RCTNetwork
    - React-runtimescheduler
    - ReactCommon
  - React-RCTBlob (0.73.11):
    - hermes-engine
    - RCT-Folly (= 2022.05.16.00)
    - React-Codegen
    - React-Core/RCTBlobHeaders
    - React-Core/RCTWebSocket
    - React-jsi
    - React-NativeModulesApple
    - React-RCTNetwork
    - ReactCommon
  - React-RCTFabric (0.73.11):
    - glog
    - hermes-engine
    - RCT-Folly/Fabric (= 2022.05.16.00)
    - React-Core
    - React-debug
    - React-Fabric
    - React-FabricImage
    - React-graphics
    - React-ImageManager
    - React-jsi
    - React-nativeconfig
    - React-RCTImage
    - React-RCTText
    - React-rendererdebug
    - React-runtimescheduler
    - React-utils
    - Yoga
  - React-RCTImage (0.73.11):
    - RCT-Folly (= 2022.05.16.00)
    - RCTTypeSafety
    - React-Codegen
    - React-Core/RCTImageHeaders
    - React-jsi
    - React-NativeModulesApple
    - React-RCTNetwork
    - ReactCommon
  - React-RCTLinking (0.73.11):
    - React-Codegen
    - React-Core/RCTLinkingHeaders (= 0.73.11)
    - React-jsi (= 0.73.11)
    - React-NativeModulesApple
    - ReactCommon
    - ReactCommon/turbomodule/core (= 0.73.11)
  - React-RCTNetwork (0.73.11):
    - RCT-Folly (= 2022.05.16.00)
    - RCTTypeSafety
    - React-Codegen
    - React-Core/RCTNetworkHeaders
    - React-jsi
    - React-NativeModulesApple
    - ReactCommon
  - React-RCTSettings (0.73.11):
    - RCT-Folly (= 2022.05.16.00)
    - RCTTypeSafety
    - React-Codegen
    - React-Core/RCTSettingsHeaders
    - React-jsi
    - React-NativeModulesApple
    - ReactCommon
  - React-RCTText (0.73.11):
    - React-Core/RCTTextHeaders (= 0.73.11)
    - Yoga
  - React-RCTVibration (0.73.11):
    - RCT-Folly (= 2022.05.16.00)
    - React-Codegen
    - React-Core/RCTVibrationHeaders
    - React-jsi
    - React-NativeModulesApple
    - ReactCommon
  - React-rendererdebug (0.73.11):
    - DoubleConversion
    - fmt (~> 6.2.1)
    - RCT-Folly (= 2022.05.16.00)
    - React-debug
  - React-rncore (0.73.11)
  - React-runtimeexecutor (0.73.11):
    - React-jsi (= 0.73.11)
  - React-runtimescheduler (0.73.11):
    - glog
    - hermes-engine
    - RCT-Folly (= 2022.05.16.00)
    - React-callinvoker
    - React-cxxreact
    - React-debug
    - React-jsi
    - React-rendererdebug
    - React-runtimeexecutor
    - React-utils
  - React-utils (0.73.11):
    - glog
    - RCT-Folly (= 2022.05.16.00)
    - React-debug
  - ReactCommon (0.73.11):
    - React-logger (= 0.73.11)
    - ReactCommon/turbomodule (= 0.73.11)
  - ReactCommon/turbomodule (0.73.11):
    - DoubleConversion
    - fmt (~> 6.2.1)
    - glog
    - hermes-engine
    - RCT-Folly (= 2022.05.16.00)
    - React-callinvoker (= 0.73.11)
    - React-cxxreact (= 0.73.11)
    - React-jsi (= 0.73.11)
    - React-logger (= 0.73.11)
    - React-perflogger (= 0.73.11)
    - ReactCommon/turbomodule/bridging (= 0.73.11)
    - ReactCommon/turbomodule/core (= 0.73.11)
  - ReactCommon/turbomodule/bridging (0.73.11):
    - DoubleConversion
    - fmt (~> 6.2.1)
    - glog
    - hermes-engine
    - RCT-Folly (= 2022.05.16.00)
    - React-callinvoker (= 0.73.11)
    - React-cxxreact (= 0.73.11)
    - React-jsi (= 0.73.11)
    - React-logger (= 0.73.11)
    - React-perflogger (= 0.73.11)
  - ReactCommon/turbomodule/core (0.73.11):
    - DoubleConversion
    - fmt (~> 6.2.1)
    - glog
    - hermes-engine
    - RCT-Folly (= 2022.05.16.00)
    - React-callinvoker (= 0.73.11)
    - React-cxxreact (= 0.73.11)
    - React-jsi (= 0.73.11)
    - React-logger (= 0.73.11)
    - React-perflogger (= 0.73.11)
  - rn-fetch-blob (0.12.0):
    - React-Core
  - RNCAsyncStorage (1.23.1):
    - React-Core
  - RNCCheckbox (0.5.17):
    - BEMCheckBox (~> 1.4)
    - React-Core
  - RNCMaskedView (0.1.11):
    - React
  - RNCPicker (2.7.5):
    - React-Core
  - RNFS (2.20.0):
    - React-Core
  - RNGestureHandler (2.16.2):
    - glog
    - RCT-Folly (= 2022.05.16.00)
    - React-Core
  - RNPermissions (4.1.5):
    - React-Core
  - RNReanimated (3.11.0):
    - glog
    - RCT-Folly (= 2022.05.16.00)
    - React-Core
    - ReactCommon/turbomodule/core
  - RNScreens (4.3.0):
    - glog
    - RCT-Folly (= 2022.05.16.00)
    - React-Core
    - React-RCTImage
  - RNShare (12.0.3):
    - glog
    - RCT-Folly (= 2022.05.16.00)
    - React-Core
  - RNSound (0.11.2):
    - React-Core
    - RNSound/Core (= 0.11.2)
  - RNSound/Core (0.11.2):
    - React-Core
  - RNVectorIcons (10.1.0):
    - glog
    - RCT-Folly (= 2022.05.16.00)
    - React-Core
  - SocketRocket (0.6.1)
  - Stripe (23.30.0):
    - StripeApplePay (= 23.30.0)
    - StripeCore (= 23.30.0)
    - StripePayments (= 23.30.0)
    - StripePaymentsUI (= 23.30.0)
    - StripeUICore (= 23.30.0)
  - stripe-react-native (0.39.0):
    - React-Core
    - Stripe (~> 23.30.0)
    - StripeApplePay (~> 23.30.0)
    - StripeFinancialConnections (~> 23.30.0)
    - StripePayments (~> 23.30.0)
    - StripePaymentSheet (~> 23.30.0)
    - StripePaymentsUI (~> 23.30.0)
  - StripeApplePay (23.30.0):
    - StripeCore (= 23.30.0)
  - StripeCore (23.30.0)
  - StripeFinancialConnections (23.30.0):
    - StripeCore (= 23.30.0)
    - StripeUICore (= 23.30.0)
  - StripePayments (23.30.0):
    - StripeCore (= 23.30.0)
    - StripePayments/Stripe3DS2 (= 23.30.0)
  - StripePayments/Stripe3DS2 (23.30.0):
    - StripeCore (= 23.30.0)
  - StripePaymentSheet (23.30.0):
    - StripeApplePay (= 23.30.0)
    - StripeCore (= 23.30.0)
    - StripePayments (= 23.30.0)
    - StripePaymentsUI (= 23.30.0)
  - StripePaymentsUI (23.30.0):
    - StripeCore (= 23.30.0)
    - StripePayments (= 23.30.0)
    - StripeUICore (= 23.30.0)
  - StripeUICore (23.30.0):
    - StripeCore (= 23.30.0)
  - Yoga (1.14.0)

DEPENDENCIES:
  - "AmplifyRTNCore (from `../node_modules/@aws-amplify/react-native`)"
  - boost (from `../node_modules/react-native/third-party-podspecs/boost.podspec`)
  - DoubleConversion (from `../node_modules/react-native/third-party-podspecs/DoubleConversion.podspec`)
  - FBLazyVector (from `../node_modules/react-native/Libraries/FBLazyVector`)
  - FBReactNativeSpec (from `../node_modules/react-native/React/FBReactNativeSpec`)
  - glog (from `../node_modules/react-native/third-party-podspecs/glog.podspec`)
  - hermes-engine (from `../node_modules/react-native/sdks/hermes-engine/hermes-engine.podspec`)
  - libevent (~> 2.1.12)
  - RCT-Folly (from `../node_modules/react-native/third-party-podspecs/RCT-Folly.podspec`)
  - RCT-Folly/Fabric (from `../node_modules/react-native/third-party-podspecs/RCT-Folly.podspec`)
  - RCTRequired (from `../node_modules/react-native/Libraries/RCTRequired`)
  - RCTTypeSafety (from `../node_modules/react-native/Libraries/TypeSafety`)
  - React (from `../node_modules/react-native/`)
  - React-callinvoker (from `../node_modules/react-native/ReactCommon/callinvoker`)
  - React-Codegen (from `build/generated/ios`)
  - React-Core (from `../node_modules/react-native/`)
  - React-Core/RCTWebSocket (from `../node_modules/react-native/`)
  - React-CoreModules (from `../node_modules/react-native/React/CoreModules`)
  - React-cxxreact (from `../node_modules/react-native/ReactCommon/cxxreact`)
  - React-debug (from `../node_modules/react-native/ReactCommon/react/debug`)
  - React-Fabric (from `../node_modules/react-native/ReactCommon`)
  - React-FabricImage (from `../node_modules/react-native/ReactCommon`)
  - React-graphics (from `../node_modules/react-native/ReactCommon/react/renderer/graphics`)
  - React-hermes (from `../node_modules/react-native/ReactCommon/hermes`)
  - React-ImageManager (from `../node_modules/react-native/ReactCommon/react/renderer/imagemanager/platform/ios`)
  - React-jserrorhandler (from `../node_modules/react-native/ReactCommon/jserrorhandler`)
  - React-jsi (from `../node_modules/react-native/ReactCommon/jsi`)
  - React-jsiexecutor (from `../node_modules/react-native/ReactCommon/jsiexecutor`)
  - React-jsinspector (from `../node_modules/react-native/ReactCommon/jsinspector-modern`)
  - React-logger (from `../node_modules/react-native/ReactCommon/logger`)
  - React-Mapbuffer (from `../node_modules/react-native/ReactCommon`)
  - "react-native-blur (from `../node_modules/@react-native-community/blur`)"
  - react-native-camera (from `../node_modules/react-native-camera`)
  - react-native-document-picker (from `../node_modules/react-native-document-picker`)
  - react-native-get-random-values (from `../node_modules/react-native-get-random-values`)
  - react-native-maps (from `../node_modules/react-native-maps`)
  - "react-native-netinfo (from `../node_modules/@react-native-community/netinfo`)"
  - react-native-safe-area-context (from `../node_modules/react-native-safe-area-context`)
  - "react-native-voice (from `../node_modules/@react-native-voice/voice`)"
  - React-nativeconfig (from `../node_modules/react-native/ReactCommon`)
  - React-NativeModulesApple (from `../node_modules/react-native/ReactCommon/react/nativemodule/core/platform/ios`)
  - React-perflogger (from `../node_modules/react-native/ReactCommon/reactperflogger`)
  - React-RCTActionSheet (from `../node_modules/react-native/Libraries/ActionSheetIOS`)
  - React-RCTAnimation (from `../node_modules/react-native/Libraries/NativeAnimation`)
  - React-RCTAppDelegate (from `../node_modules/react-native/Libraries/AppDelegate`)
  - React-RCTBlob (from `../node_modules/react-native/Libraries/Blob`)
  - React-RCTFabric (from `../node_modules/react-native/React`)
  - React-RCTImage (from `../node_modules/react-native/Libraries/Image`)
  - React-RCTLinking (from `../node_modules/react-native/Libraries/LinkingIOS`)
  - React-RCTNetwork (from `../node_modules/react-native/Libraries/Network`)
  - React-RCTSettings (from `../node_modules/react-native/Libraries/Settings`)
  - React-RCTText (from `../node_modules/react-native/Libraries/Text`)
  - React-RCTVibration (from `../node_modules/react-native/Libraries/Vibration`)
  - React-rendererdebug (from `../node_modules/react-native/ReactCommon/react/renderer/debug`)
  - React-rncore (from `../node_modules/react-native/ReactCommon`)
  - React-runtimeexecutor (from `../node_modules/react-native/ReactCommon/runtimeexecutor`)
  - React-runtimescheduler (from `../node_modules/react-native/ReactCommon/react/renderer/runtimescheduler`)
  - React-utils (from `../node_modules/react-native/ReactCommon/react/utils`)
  - ReactCommon/turbomodule/core (from `../node_modules/react-native/ReactCommon`)
  - rn-fetch-blob (from `../node_modules/rn-fetch-blob`)
  - "RNCAsyncStorage (from `../node_modules/@react-native-async-storage/async-storage`)"
  - "RNCCheckbox (from `../node_modules/@react-native-community/checkbox`)"
  - "RNCMaskedView (from `../node_modules/@react-native-community/masked-view`)"
  - "RNCPicker (from `../node_modules/@react-native-picker/picker`)"
  - RNFS (from `../node_modules/react-native-fs`)
  - RNGestureHandler (from `../node_modules/react-native-gesture-handler`)
  - RNPermissions (from `../node_modules/react-native-permissions`)
  - RNReanimated (from `../node_modules/react-native-reanimated`)
  - RNScreens (from `../node_modules/react-native-screens`)
  - RNShare (from `../node_modules/react-native-share`)
  - RNSound (from `../node_modules/react-native-sound`)
  - RNVectorIcons (from `../node_modules/react-native-vector-icons`)
  - "stripe-react-native (from `../node_modules/@stripe/stripe-react-native`)"
  - Yoga (from `../node_modules/react-native/ReactCommon/yoga`)

SPEC REPOS:
  trunk:
    - BEMCheckBox
    - fmt
    - libevent
    - SocketRocket
    - Stripe
    - StripeApplePay
    - StripeCore
    - StripeFinancialConnections
    - StripePayments
    - StripePaymentSheet
    - StripePaymentsUI
    - StripeUICore

EXTERNAL SOURCES:
  AmplifyRTNCore:
    :path: "../node_modules/@aws-amplify/react-native"
  boost:
    :podspec: "../node_modules/react-native/third-party-podspecs/boost.podspec"
  DoubleConversion:
    :podspec: "../node_modules/react-native/third-party-podspecs/DoubleConversion.podspec"
  FBLazyVector:
    :path: "../node_modules/react-native/Libraries/FBLazyVector"
  FBReactNativeSpec:
    :path: "../node_modules/react-native/React/FBReactNativeSpec"
  glog:
    :podspec: "../node_modules/react-native/third-party-podspecs/glog.podspec"
  hermes-engine:
    :podspec: "../node_modules/react-native/sdks/hermes-engine/hermes-engine.podspec"
    :tag: hermes-2024-04-29-RNv0.73.8-644c8be78af1eae7c138fa4093fb87f0f4f8db85
  RCT-Folly:
    :podspec: "../node_modules/react-native/third-party-podspecs/RCT-Folly.podspec"
  RCTRequired:
    :path: "../node_modules/react-native/Libraries/RCTRequired"
  RCTTypeSafety:
    :path: "../node_modules/react-native/Libraries/TypeSafety"
  React:
    :path: "../node_modules/react-native/"
  React-callinvoker:
    :path: "../node_modules/react-native/ReactCommon/callinvoker"
  React-Codegen:
    :path: build/generated/ios
  React-Core:
    :path: "../node_modules/react-native/"
  React-CoreModules:
    :path: "../node_modules/react-native/React/CoreModules"
  React-cxxreact:
    :path: "../node_modules/react-native/ReactCommon/cxxreact"
  React-debug:
    :path: "../node_modules/react-native/ReactCommon/react/debug"
  React-Fabric:
    :path: "../node_modules/react-native/ReactCommon"
  React-FabricImage:
    :path: "../node_modules/react-native/ReactCommon"
  React-graphics:
    :path: "../node_modules/react-native/ReactCommon/react/renderer/graphics"
  React-hermes:
    :path: "../node_modules/react-native/ReactCommon/hermes"
  React-ImageManager:
    :path: "../node_modules/react-native/ReactCommon/react/renderer/imagemanager/platform/ios"
  React-jserrorhandler:
    :path: "../node_modules/react-native/ReactCommon/jserrorhandler"
  React-jsi:
    :path: "../node_modules/react-native/ReactCommon/jsi"
  React-jsiexecutor:
    :path: "../node_modules/react-native/ReactCommon/jsiexecutor"
  React-jsinspector:
    :path: "../node_modules/react-native/ReactCommon/jsinspector-modern"
  React-logger:
    :path: "../node_modules/react-native/ReactCommon/logger"
  React-Mapbuffer:
    :path: "../node_modules/react-native/ReactCommon"
  react-native-blur:
    :path: "../node_modules/@react-native-community/blur"
  react-native-camera:
    :path: "../node_modules/react-native-camera"
  react-native-document-picker:
    :path: "../node_modules/react-native-document-picker"
  react-native-get-random-values:
    :path: "../node_modules/react-native-get-random-values"
  react-native-maps:
    :path: "../node_modules/react-native-maps"
  react-native-netinfo:
    :path: "../node_modules/@react-native-community/netinfo"
  react-native-safe-area-context:
    :path: "../node_modules/react-native-safe-area-context"
  react-native-voice:
    :path: "../node_modules/@react-native-voice/voice"
  React-nativeconfig:
    :path: "../node_modules/react-native/ReactCommon"
  React-NativeModulesApple:
    :path: "../node_modules/react-native/ReactCommon/react/nativemodule/core/platform/ios"
  React-perflogger:
    :path: "../node_modules/react-native/ReactCommon/reactperflogger"
  React-RCTActionSheet:
    :path: "../node_modules/react-native/Libraries/ActionSheetIOS"
  React-RCTAnimation:
    :path: "../node_modules/react-native/Libraries/NativeAnimation"
  React-RCTAppDelegate:
    :path: "../node_modules/react-native/Libraries/AppDelegate"
  React-RCTBlob:
    :path: "../node_modules/react-native/Libraries/Blob"
  React-RCTFabric:
    :path: "../node_modules/react-native/React"
  React-RCTImage:
    :path: "../node_modules/react-native/Libraries/Image"
  React-RCTLinking:
    :path: "../node_modules/react-native/Libraries/LinkingIOS"
  React-RCTNetwork:
    :path: "../node_modules/react-native/Libraries/Network"
  React-RCTSettings:
    :path: "../node_modules/react-native/Libraries/Settings"
  React-RCTText:
    :path: "../node_modules/react-native/Libraries/Text"
  React-RCTVibration:
    :path: "../node_modules/react-native/Libraries/Vibration"
  React-rendererdebug:
    :path: "../node_modules/react-native/ReactCommon/react/renderer/debug"
  React-rncore:
    :path: "../node_modules/react-native/ReactCommon"
  React-runtimeexecutor:
    :path: "../node_modules/react-native/ReactCommon/runtimeexecutor"
  React-runtimescheduler:
    :path: "../node_modules/react-native/ReactCommon/react/renderer/runtimescheduler"
  React-utils:
    :path: "../node_modules/react-native/ReactCommon/react/utils"
  ReactCommon:
    :path: "../node_modules/react-native/ReactCommon"
  rn-fetch-blob:
    :path: "../node_modules/rn-fetch-blob"
  RNCAsyncStorage:
    :path: "../node_modules/@react-native-async-storage/async-storage"
  RNCCheckbox:
    :path: "../node_modules/@react-native-community/checkbox"
  RNCMaskedView:
    :path: "../node_modules/@react-native-community/masked-view"
  RNCPicker:
    :path: "../node_modules/@react-native-picker/picker"
  RNFS:
    :path: "../node_modules/react-native-fs"
  RNGestureHandler:
    :path: "../node_modules/react-native-gesture-handler"
  RNPermissions:
    :path: "../node_modules/react-native-permissions"
  RNReanimated:
    :path: "../node_modules/react-native-reanimated"
  RNScreens:
    :path: "../node_modules/react-native-screens"
  RNShare:
    :path: "../node_modules/react-native-share"
  RNSound:
    :path: "../node_modules/react-native-sound"
  RNVectorIcons:
    :path: "../node_modules/react-native-vector-icons"
  stripe-react-native:
    :path: "../node_modules/@stripe/stripe-react-native"
  Yoga:
    :path: "../node_modules/react-native/ReactCommon/yoga"

SPEC CHECKSUMS:
  AmplifyRTNCore: 7aabcf40316c2f5c853c1ef73139af3b24a5406b
  BEMCheckBox: 5ba6e37ade3d3657b36caecc35c8b75c6c2b1a4e
  boost: d3f49c53809116a5d38da093a8aa78bf551aed09
  DoubleConversion: fea03f2699887d960129cc54bba7e52542b6f953
  FBLazyVector: b46891061bfe0a9b07f601813114c8653a72a45c
  FBReactNativeSpec: 9a01850c21d81027fa7b20b9dcc25d9bfae083da
  fmt: ff9d55029c625d3757ed641535fd4a75fedc7ce9
  glog: c5d68082e772fa1c511173d6b30a9de2c05a69a2
  hermes-engine: d992945b77c506e5164e6a9a77510c9d57472c59
  libevent: 4049cae6c81cdb3654a443be001fb9bdceff7913
  RCT-Folly: 7169b2b1c44399c76a47b5deaaba715eeeb476c0
  RCTRequired: 415e56f7c33799a6483e41e4dce607f3daf1e69b
  RCTTypeSafety: e984a88e713281c2d8c2309a1a6d2775af0107ae
  React: ab885684e73c5f659bad63446a977312fd3d1ecb
  React-callinvoker: 50a2d1ce3594637c700401ba306373321231eb71
  React-Codegen: 0b62f5a15aac03c4e04e7d62ebee702071d93660
  React-Core: 9d66a8a953d975aee4989abccf4602e7ba7c65fa
  React-CoreModules: e93a24aaae933d496329112cec78b681c76cdc53
  React-cxxreact: 8f6abe06e11f79f2292c7939dc6390027e53e5ba
  React-debug: cbc88cbcffdca42184a32d073ceb7d9b11122b8d
  React-Fabric: f22d9c367ae9536650d06d7c338383abf41daa73
  React-FabricImage: d5b397555e58147bfbcd24c9d2cd10e566ea29ee
  React-graphics: eb385065f994ca67550ae69df58dcbc27fdf1b07
  React-hermes: c2877efac91c02266c66cd62ccef3fa7c36d8604
  React-ImageManager: 99ffa733ce3406463da89bf74fd55a12c5aeb053
  React-jserrorhandler: 5a90e88499755b6cfe263c01c208ac3782f535ad
  React-jsi: 5da729c3787b5d58b8612fcd4308290e88af9dde
  React-jsiexecutor: 911f565c4dcb2faf750e274a18012c88355fc33c
  React-jsinspector: a98428936fb888cc15d857226a26d9ac0a668a0e
  React-logger: 6c1170f7bc315878ef4bd3b918e09130cf632798
  React-Mapbuffer: 41c166b84fc479afc78097cd51404109ec9edf68
  react-native-blur: 799045500f56146afc46245148080e7b7623cb75
  react-native-camera: 3eae183c1d111103963f3dd913b65d01aef8110f
  react-native-document-picker: 23b6a82e09199f4f109376e73d88892a8931eeea
  react-native-get-random-values: 21325b2244dfa6b58878f51f9aa42821e7ba3d06
  react-native-maps: 45da3373eed3138056982e17b04f5b122dae0965
  react-native-netinfo: 076df4f9b07f6670acf4ce9a75aac8d34c2e2ccc
  react-native-safe-area-context: dcab599c527c2d7de2d76507a523d20a0b83823d
  react-native-voice: 2b4ee948775b528dc450220406ee38c57c91b590
  React-nativeconfig: 8fd29a35a3e4e8c37682d976667663d834ba6165
  React-NativeModulesApple: 68eb729eaf628ba066bca5308dd4ccacaaacba97
  React-perflogger: 3887a05940ccd34a83457fd153fdeda509b31737
  React-RCTActionSheet: 2f42b4797374b53e93b65c79eaa8a0d292e255ac
  React-RCTAnimation: 8d855a38975b065bab2528ccf158734044bcec59
  React-RCTAppDelegate: bddf79fb86d03810269d1af5d6ad06a654479a16
  React-RCTBlob: f4bad11cecd4ed488dcbbda1581ff8fe92746107
  React-RCTFabric: 05fd71882ffd9733433ad4816d899f397ffd496c
  React-RCTImage: 187d39d7f82dbddaee1c00fe5beb3fb4cd16eee2
  React-RCTLinking: 22568a7c6d2ee51ef4d5c36e9e4d9720f74e9aed
  React-RCTNetwork: 6453b643f665273e31fdfe21cfa5a32666d61685
  React-RCTSettings: 237e7aa727543b5df2e0eecbfc49fc1bf21482b5
  React-RCTText: 9a775859da5b6a1a2e4bebcd358909a77072f7c8
  React-RCTVibration: 0167279571af233088b53ca3c67606b2a355a0f2
  React-rendererdebug: 4023a996275f40116d7c88ae5be0b5882ca3eeb7
  React-rncore: 0dd62c0c8f8215747a9b49035410fde76a18876e
  React-runtimeexecutor: 2fd27b921f664e66d903ee274dcda55cc0b2cb2e
  React-runtimescheduler: a36193fd33a0187852d54d402e170510f1300952
  React-utils: eaaed6083fccd050a594baf1d72db5f949a3b9bb
  ReactCommon: 1a93f1ef5c6e33bf14b9563cdb8e7621a893aa37
  rn-fetch-blob: f065bb7ab7fb48dd002629f8bdcb0336602d3cba
  RNCAsyncStorage: 826b603ae9c0f88b5ac4e956801f755109fa4d5c
  RNCCheckbox: a3ca9978cb0846b981d28da4e9914bd437403d77
  RNCMaskedView: 0e1bc4bfa8365eba5fbbb71e07fbdc0555249489
  RNCPicker: 3e2c37a8328f368ce14da050cdc8231deb5fc9f9
  RNFS: 4ac0f0ea233904cb798630b3c077808c06931688
  RNGestureHandler: 96439cf6543defdde87459e48cd1a3f0e45a008e
  RNPermissions: 294531ede5a64d1528463e88fffef05675842042
  RNReanimated: 6cfa556540186ce7ae7a0b048f369236b1d86ebb
  RNScreens: 315810ffef3eda0051f1f9380cfcc1a47f6f1d09
  RNShare: 1bdc6605a311cd16363450faf740b6b531b496c1
  RNSound: 6c156f925295bdc83e8e422e7d8b38d33bc71852
  RNVectorIcons: 96e8c5c45609932bb2f8347e1c709bcca0e95654
  SocketRocket: f32cd54efbe0f095c4d7594881e52619cfe80b17
  Stripe: 9757efc154de1d9615cbea4836d590bc4034d3a4
  stripe-react-native: de0e4bc24122da31406bff20a1bff16994aa9796
  StripeApplePay: ca33933601302742623762157d587b79b942d073
  StripeCore: 2af250a2366ff2bbf64d4243c5f9bbf2a98b2aaf
  StripeFinancialConnections: 3ab1ef6182ec44e71c29e9a2100b663f9713ac20
  StripePayments: 658a16bd34d20c8185aa281866227b9e1743300e
  StripePaymentSheet: eac031f76d7fbb4f52df9b9c39be5be671ca4c07
  StripePaymentsUI: 7d7cffb2ecfc0d6b5ac3a4488c02893a5ff6cc77
  StripeUICore: bb102d453b1e1a10a37f810bc0a9aa0675fb17fd
  Yoga: a813a6d82538ccba91c54406404e3ed80b48a692

PODFILE CHECKSUM: 47bb8d333e36de235ad2f20daad21cefb970f967

COCOAPODS: 1.16.1
